Microsoft Visual Studio Solution File, Format Version 12.00
# Visual Studio Version 16
VisualStudioVersion = 16.0.29920.165
MinimumVisualStudioVersion = 10.0.40219.1
Project("{9A19103F-16F7-4668-BE54-9A1E7A4F7556}") = "Xlang", "Xlang\Xlang.csproj", "{B273769D-79AA-4269-B252-DC80B395285B}"
EndProject
Global
	GlobalSection(SolutionConfigurationPlatforms) = preSolution
		Debug|Any CPU = Debug|Any CPU
		Release|Any CPU = Release|Any CPU
	EndGlobalSection
	GlobalSection(ProjectConfigurationPlatforms) = postSolution
		{B273769D-79AA-4269-B252-DC80B395285B}.Debug|Any CPU.ActiveCfg = Debug|Any CPU
		{B273769D-79AA-4269-B252-DC80B395285B}.Debug|Any CPU.Build.0 = Debug|Any CPU
		{B273769D-79AA-4269-B252-DC80B395285B}.Release|Any CPU.ActiveCfg = Release|Any CPU
		{B273769D-79AA-4269-B252-DC80B395285B}.Release|Any CPU.Build.0 = Release|Any CPU
	EndGlobalSection
	GlobalSection(SolutionProperties) = preSolution
		HideSolutionNode = FALSE
	EndGlobalSection
	GlobalSection(ExtensibilityGlobals) = postSolution
		SolutionGuid = {36DD76A9-175E-400E-A6FA-14260CAC08CF}
	EndGlobalSection
EndGlobal
